
Microsoft Visual Studio Solution File, Format Version 12.00
# Visual Studio Version 17
VisualStudioVersion = 17.7.34031.279
MinimumVisualStudioVersion = 10.0.40219.1
Project("{9A19103F-16F7-4668-BE54-9A1E7A4F7556}") = "SwinAdven", "SwinAdven\SwinAdven.csproj", "{63662DA0-2F4C-4A46-922D-C881BE2B6CD9}"
EndProject
Project("{9A19103F-16F7-4668-BE54-9A1E7A4F7556}") = "TestProject1", "TestProject1\TestProject1.csproj", "{4016B4F5-2FF6-41A8-9D85-D0C281FF7C10}"
EndProject
Global
	GlobalSection(SolutionConfigurationPlatforms) = preSolution
		Debug|Any CPU = Debug|Any CPU
		Release|Any CPU = Release|Any CPU
	EndGlobalSection
	GlobalSection(ProjectConfigurationPlatforms) = postSolution
		{63662DA0-2F4C-4A46-922D-C881BE2B6CD9}.Debug|Any CPU.ActiveCfg = Debug|Any CPU
		{63662DA0-2F4C-4A46-922D-C881BE2B6CD9}.Debug|Any CPU.Build.0 = Debug|Any CPU
		{63662DA0-2F4C-4A46-922D-C881BE2B6CD9}.Release|Any CPU.ActiveCfg = Release|Any CPU
		{63662DA0-2F4C-4A46-922D-C881BE2B6CD9}.Release|Any CPU.Build.0 = Release|Any CPU
		{4016B4F5-2FF6-41A8-9D85-D0C281FF7C10}.Debug|Any CPU.ActiveCfg = Debug|Any CPU
		{4016B4F5-2FF6-41A8-9D85-D0C281FF7C10}.Debug|Any CPU.Build.0 = Debug|Any CPU
		{4016B4F5-2FF6-41A8-9D85-D0C281FF7C10}.Release|Any CPU.ActiveCfg = Release|Any CPU
		{4016B4F5-2FF6-41A8-9D85-D0C281FF7C10}.Release|Any CPU.Build.0 = Release|Any CPU
	EndGlobalSection
	GlobalSection(SolutionProperties) = preSolution
		HideSolutionNode = FALSE
	EndGlobalSection
	GlobalSection(ExtensibilityGlobals) = postSolution
		SolutionGuid = {1A327CE2-5AAA-40FC-8D1C-773E549A59E8}
	EndGlobalSection
EndGlobal
